// !$*UTF8*$!
{
	archiveVersion = 1;
	classes = {
	};
	objectVersion = 46;
	objects = {

/* Begin PBXBuildFile section */
		CA4079861C4EBC9A00A20EDE /* AppDelegate.swift in Sources */ = {isa = PBXBuildFile; fileRef = CA4079851C4EBC9A00A20EDE /* AppDelegate.swift */; };
		CA4079881C4EBC9A00A20EDE /* ViewController.swift in Sources */ = {isa = PBXBuildFile; fileRef = CA4079871C4EBC9A00A20EDE /* ViewController.swift */; };
		CA40798B1C4EBC9A00A20EDE /* Main.storyboard in Resources */ = {isa = PBXBuildFile; fileRef = CA4079891C4EBC9A00A20EDE /* Main.storyboard */; };
		CA40798D1C4EBC9A00A20EDE /* Assets.xcassets in Resources */ = {isa = PBXBuildFile; fileRef = CA40798C1C4EBC9A00A20EDE /* Assets.xcassets */; };
		CA4079901C4EBC9A00A20EDE /* LaunchScreen.storyboard in Resources */ = {isa = PBXBuildFile; fileRef = CA40798E1C4EBC9A00A20EDE /* LaunchScreen.storyboard */; };
		CA4079981C4F887100A20EDE /* CDHelper.swift in Sources */ = {isa = PBXBuildFile; fileRef = CA4079971C4F887100A20EDE /* CDHelper.swift */; };
		CA40799D1C4F893300A20EDE /* Model.xcdatamodeld in Sources */ = {isa = PBXBuildFile; fileRef = CA40799B1C4F893300A20EDE /* Model.xcdatamodeld */; };
		CA4079A81C4F8FEB00A20EDE /* Bike+CoreDataProperties.swift in Sources */ = {isa = PBXBuildFile; fileRef = CA4079A61C4F8FEB00A20EDE /* Bike+CoreDataProperties.swift */; };
		CA4079A91C4F8FEB00A20EDE /* Bike.swift in Sources */ = {isa = PBXBuildFile; fileRef = CA4079A71C4F8FEB00A20EDE /* Bike.swift */; };
/* End PBXBuildFile section */

/* Begin PBXFileReference section */
		CA4079821C4EBC9A00A20EDE /* BikeTime.app */ = {isa = PBXFileReference; explicitFileType = wrapper.application; includeInIndex = 0; path = BikeTime.app; sourceTree = BUILT_PRODUCTS_DIR; };
		CA4079851C4EBC9A00A20EDE /* AppDelegate.swift */ = {isa = PBXFileReference; lastKnownFileType = sourcecode.swift; path = AppDelegate.swift; sourceTree = "<group>"; };
		CA4079871C4EBC9A00A20EDE /* ViewController.swift */ = {isa = PBXFileReference; lastKnownFileType = sourcecode.swift; path = ViewController.swift; sourceTree = "<group>"; };
		CA40798A1C4EBC9A00A20EDE /* Base */ = {isa = PBXFileReference; lastKnownFileType = file.storyboard; name = Base; path = Base.lproj/Main.storyboard; sourceTree = "<group>"; };
		CA40798C1C4EBC9A00A20EDE /* Assets.xcassets */ = {isa = PBXFileReference; lastKnownFileType = folder.assetcatalog; path = Assets.xcassets; sourceTree = "<group>"; };
		CA40798F1C4EBC9A00A20EDE /* Base */ = {isa = PBXFileReference; lastKnownFileType = file.storyboard; name = Base; path = Base.lproj/LaunchScreen.storyboard; sourceTree = "<group>"; };
		CA4079911C4EBC9A00A20EDE /* Info.plist */ = {isa = PBXFileReference; lastKnownFileType = text.plist.xml; path = Info.plist; sourceTree = "<group>"; };
		CA4079971C4F887100A20EDE /* CDHelper.swift */ = {isa = PBXFileReference; fileEncoding = 4; lastKnownFileType = sourcecode.swift; path = CDHelper.swift; sourceTree = "<group>"; };
		CA40799C1C4F893300A20EDE /* Model.xcdatamodel */ = {isa = PBXFileReference; lastKnownFileType = wrapper.xcdatamodel; path = Model.xcdatamodel; sourceTree = "<group>"; };
		CA4079A61C4F8FEB00A20EDE /* Bike+CoreDataProperties.swift */ = {isa = PBXFileReference; fileEncoding = 4; lastKnownFileType = sourcecode.swift; path = "Bike+CoreDataProperties.swift"; sourceTree = "<group>"; };
		CA4079A71C4F8FEB00A20EDE /* Bike.swift */ = {isa = PBXFileReference; fileEncoding = 4; lastKnownFileType = sourcecode.swift; path = Bike.swift; sourceTree = "<group>"; };
/* End PBXFileReference section */

/* Begin PBXFrameworksBuildPhase section */
		CA40797F1C4EBC9A00A20EDE /* Frameworks */ = {
			isa = PBXFrameworksBuildPhase;
			buildActionMask = 2147483647;
			files = (
			);
			runOnlyForDeploymentPostprocessing = 0;
		};
/* End PBXFrameworksBuildPhase section */

/* Begin PBXGroup section */
		CA4079791C4EBC9A00A20EDE = {
			isa = PBXGroup;
			children = (
				CA4079A61C4F8FEB00A20EDE /* Bike+CoreDataProperties.swift */,
				CA4079A71C4F8FEB00A20EDE /* Bike.swift */,
				CA4079841C4EBC9A00A20EDE /* BikeTime */,
				CA4079831C4EBC9A00A20EDE /* Products */,
			);
			sourceTree = "<group>";
		};
		CA4079831C4EBC9A00A20EDE /* Products */ = {
			isa = PBXGroup;
			children = (
				CA4079821C4EBC9A00A20EDE /* BikeTime.app */,
			);
			name = Products;
			sourceTree = "<group>";
		};
		CA4079841C4EBC9A00A20EDE /* BikeTime */ = {
			isa = PBXGroup;
			children = (
				CA4079851C4EBC9A00A20EDE /* AppDelegate.swift */,
				CA4079871C4EBC9A00A20EDE /* ViewController.swift */,
				CA4079971C4F887100A20EDE /* CDHelper.swift */,
				CA40799B1C4F893300A20EDE /* Model.xcdatamodeld */,
				CA4079891C4EBC9A00A20EDE /* Main.storyboard */,
				CA40798C1C4EBC9A00A20EDE /* Assets.xcassets */,
				CA40798E1C4EBC9A00A20EDE /* LaunchScreen.storyboard */,
				CA4079911C4EBC9A00A20EDE /* Info.plist */,
			);
			path = BikeTime;
			sourceTree = "<group>";
		};
/* End PBXGroup section */

/* Begin PBXNativeTarget section */
		CA4079811C4EBC9A00A20EDE /* BikeTime */ = {
			isa = PBXNativeTarget;
			buildConfigurationList = CA4079941C4EBC9A00A20EDE /* Build configuration list for PBXNativeTarget "BikeTime" */;
			buildPhases = (
				CA40797E1C4EBC9A00A20EDE /* Sources */,
				CA40797F1C4EBC9A00A20EDE /* Frameworks */,
				CA4079801C4EBC9A00A20EDE /* Resources */,
			);
			buildRules = (
			);
			dependencies = (
			);
			name = BikeTime;
			productName = BikeTime;
			productReference = CA4079821C4EBC9A00A20EDE /* BikeTime.app */;
			productType = "com.apple.product-type.application";
		};
/* End PBXNativeTarget section */

/* Begin PBXProject section */
		CA40797A1C4EBC9A00A20EDE /* Project object */ = {
			isa = PBXProject;
			attributes = {
				LastSwiftUpdateCheck = 0720;
				LastUpgradeCheck = 0720;
				ORGANIZATIONNAME = bitfountain;
				TargetAttributes = {
					CA4079811C4EBC9A00A20EDE = {
						CreatedOnToolsVersion = 7.2;
					};
				};
			};
			buildConfigurationList = CA40797D1C4EBC9A00A20EDE /* Build configuration list for PBXProject "BikeTime" */;
			compatibilityVersion = "Xcode 3.2";
			developmentRegion = English;
			hasScannedForEncodings = 0;
			knownRegions = (
				en,
				Base,
			);
			mainGroup = CA4079791C4EBC9A00A20EDE;
			productRefGroup = CA4079831C4EBC9A00A20EDE /* Products */;
			projectDirPath = "";
			projectRoot = "";
			targets = (
				CA4079811C4EBC9A00A20EDE /* BikeTime */,
			);
		};
/* End PBXProject section */

/* Begin PBXResourcesBuildPhase section */
		CA4079801C4EBC9A00A20EDE /* Resources */ = {
			isa = PBXResourcesBuildPhase;
			buildActionMask = 2147483647;
			files = (
				CA4079901C4EBC9A00A20EDE /* LaunchScreen.storyboard in Resources */,
				CA40798D1C4EBC9A00A20EDE /* Assets.xcassets in Resources */,
				CA40798B1C4EBC9A00A20EDE /* Main.storyboard in Resources */,
			);
			runOnlyForDeploymentPostprocessing = 0;
		};
/* End PBXResourcesBuildPhase section */

/* Begin PBXSourcesBuildPhase section */
		CA40797E1C4EBC9A00A20EDE /* Sources */ = {
			isa = PBXSourcesBuildPhase;
			buildActionMask = 2147483647;
			files = (
				CA4079A91C4F8FEB00A20EDE /* Bike.swift in Sources */,
				CA4079881C4EBC9A00A20EDE /* ViewController.swift in Sources */,
				CA4079861C4EBC9A00A20EDE /* AppDelegate.swift in Sources */,
				CA40799D1C4F893300A20EDE /* Model.xcdatamodeld in Sources */,
				CA4079981C4F887100A20EDE /* CDHelper.swift in Sources */,
				CA4079A81C4F8FEB00A20EDE /* Bike+CoreDataProperties.swift in Sources */,
			);
			runOnlyForDeploymentPostprocessing = 0;
		};
/* End PBXSourcesBuildPhase section */

/* Begin PBXVariantGroup section */
		CA4079891C4EBC9A00A20EDE /* Main.storyboard */ = {
			isa = PBXVariantGroup;
			children = (
				CA40798A1C4EBC9A00A20EDE /* Base */,
			);
			name = Main.storyboard;
			sourceTree = "<group>";
		};
		CA40798E1C4EBC9A00A20EDE /* LaunchScreen.storyboard */ = {
			isa = PBXVariantGroup;
			children = (
				CA40798F1C4EBC9A00A20EDE /* Base */,
			);
			name = LaunchScreen.storyboard;
			sourceTree = "<group>";
		};
/* End PBXVariantGroup section */

/* Begin XCBuildConfiguration section */
		CA4079921C4EBC9A00A20EDE /* Debug */ = {
			isa = XCBuildConfiguration;
			buildSettings = {
				ALWAYS_SEARCH_USER_PATHS = NO;
				CLANG_CXX_LANGUAGE_STANDARD = "gnu++0x";
				CLANG_CXX_LIBRARY = "libc++";
				CLANG_ENABLE_MODULES = YES;
				CLANG_ENABLE_OBJC_ARC = YES;
				CLANG_WARN_BOOL_CONVERSION = YES;
				CLANG_WARN_CONSTANT_CONVERSION = YES;
				CLANG_WARN_DIRECT_OBJC_ISA_USAGE = YES_ERROR;
				CLANG_WARN_EMPTY_BODY = YES;
				CLANG_WARN_ENUM_CONVERSION = YES;
				CLANG_WARN_INT_CONVERSION = YES;
				CLANG_WARN_OBJC_ROOT_CLASS = YES_ERROR;
				CLANG_WARN_UNREACHABLE_CODE = YES;
				CLANG_WARN__DUPLICATE_METHOD_MATCH = YES;
				"CODE_SIGN_IDENTITY[sdk=iphoneos*]" = "iPhone Developer";
				COPY_PHASE_STRIP = NO;
				DEBUG_INFORMATION_FORMAT = dwarf;
				ENABLE_STRICT_OBJC_MSGSEND = YES;
				ENABLE_TESTABILITY = YES;
				GCC_C_LANGUAGE_STANDARD = gnu99;
				GCC_DYNAMIC_NO_PIC = NO;
				GCC_NO_COMMON_BLOCKS = YES;
				GCC_OPTIMIZATION_LEVEL = 0;
				GCC_PREPROCESSOR_DEFINITIONS = (
					"DEBUG=1",
					"$(inherited)",
				);
				GCC_WARN_64_TO_32_BIT_CONVERSION = YES;
				GCC_WARN_ABOUT_RETURN_TYPE = YES_ERROR;
				GCC_WARN_UNDECLARED_SELECTOR = YES;
				GCC_WARN_UNINITIALIZED_AUTOS = YES_AGGRESSIVE;
				GCC_WARN_UNUSED_FUNCTION = YES;
				GCC_WARN_UNUSED_VARIABLE = YES;
				IPHONEOS_DEPLOYMENT_TARGET = 9.2;
				MTL_ENABLE_DEBUG_INFO = YES;
				ONLY_ACTIVE_ARCH = YES;
				SDKROOT = iphoneos;
				SWIFT_OPTIMIZATION_LEVEL = "-Onone";
				TARGETED_DEVICE_FAMILY = "1,2";
			};
			name = Debug;
		};
		CA4079931C4EBC9A00A20EDE /* Release */ = {
			isa = XCBuildConfiguration;
			buildSettings = {
				ALWAYS_SEARCH_USER_PATHS = NO;
				CLANG_CXX_LANGUAGE_STANDARD = "gnu++0x";
				CLANG_CXX_LIBRARY = "libc++";
				CLANG_ENABLE_MODULES = YES;
				CLANG_ENABLE_OBJC_ARC = YES;
				CLANG_WARN_BOOL_CONVERSION = YES;
				CLANG_WARN_CONSTANT_CONVERSION = YES;
				CLANG_WARN_DIRECT_OBJC_ISA_USAGE = YES_ERROR;
				CLANG_WARN_EMPTY_BODY = YES;
				CLANG_WARN_ENUM_CONVERSION = YES;
				CLANG_WARN_INT_CONVERSION = YES;
				CLANG_WARN_OBJC_ROOT_CLASS = YES_ERROR;
				CLANG_WARN_UNREACHABLE_CODE = YES;
				CLANG_WARN__DUPLICATE_METHOD_MATCH = YES;
				"CODE_SIGN_IDENTITY[sdk=iphoneos*]" = "iPhone Developer";
				COPY_PHASE_STRIP = NO;
				DEBUG_INFORMATION_FORMAT = "dwarf-with-dsym";
				ENABLE_NS_ASSERTIONS = NO;
				ENABLE_STRICT_OBJC_MSGSEND = YES;
				GCC_C_LANGUAGE_STANDARD = gnu99;
				GCC_NO_COMMON_BLOCKS = YES;
				GCC_WARN_64_TO_32_BIT_CONVERSION = YES;
				GCC_WARN_ABOUT_RETURN_TYPE = YES_ERROR;
				GCC_WARN_UNDECLARED_SELECTOR = YES;
				GCC_WARN_UNINITIALIZED_AUTOS = YES_AGGRESSIVE;
				GCC_WARN_UNUSED_FUNCTION = YES;
				GCC_WARN_UNUSED_VARIABLE = YES;
				IPHONEOS_DEPLOYMENT_TARGET = 9.2;
				MTL_ENABLE_DEBUG_INFO = NO;
				SDKROOT = iphoneos;
				TARGETED_DEVICE_FAMILY = "1,2";
				VALIDATE_PRODUCT = YES;
			};
			name = Release;
		};
		CA4079951C4EBC9A00A20EDE /* Debug */ = {
			isa = XCBuildConfiguration;
			buildSettings = {
				ASSETCATALOG_COMPILER_APPICON_NAME = AppIcon;
				INFOPLIST_FILE = BikeTime/Info.plist;
				LD_RUNPATH_SEARCH_PATHS = "$(inherited) @executable_path/Frameworks";
				PRODUCT_BUNDLE_IDENTIFIER = bitfountain.BikeTime;
				PRODUCT_NAME = "$(TARGET_NAME)";
			};
			name = Debug;
		};
		CA4079961C4EBC9A00A20EDE /* Release */ = {
			isa = XCBuildConfiguration;
			buildSettings = {
				ASSETCATALOG_COMPILER_APPICON_NAME = AppIcon;
				INFOPLIST_FILE = BikeTime/Info.plist;
				LD_RUNPATH_SEARCH_PATHS = "$(inherited) @executable_path/Frameworks";
				PRODUCT_BUNDLE_IDENTIFIER = bitfountain.BikeTime;
				PRODUCT_NAME = "$(TARGET_NAME)";
			};
			name = Release;
		};
/* End XCBuildConfiguration section */

/* Begin XCConfigurationList section */
		CA40797D1C4EBC9A00A20EDE /* Build configuration list for PBXProject "BikeTime" */ = {
			isa = XCConfigurationList;
			buildConfigurations = (
				CA4079921C4EBC9A00A20EDE /* Debug */,
				CA4079931C4EBC9A00A20EDE /* Release */,
			);
			defaultConfigurationIsVisible = 0;
			defaultConfigurationName = Release;
		};
		CA4079941C4EBC9A00A20EDE /* Build configuration list for PBXNativeTarget "BikeTime" */ = {
			isa = XCConfigurationList;
			buildConfigurations = (
				CA4079951C4EBC9A00A20EDE /* Debug */,
				CA4079961C4EBC9A00A20EDE /* Release */,
			);
			defaultConfigurationIsVisible = 0;
			defaultConfigurationName = Release;
		};
/* End XCConfigurationList section */

/* Begin XCVersionGroup section */
		CA40799B1C4F893300A20EDE /* Model.xcdatamodeld */ = {
			isa = XCVersionGroup;
			children = (
				CA40799C1C4F893300A20EDE /* Model.xcdatamodel */,
			);
			currentVersion = CA40799C1C4F893300A20EDE /* Model.xcdatamodel */;
			path = Model.xcdatamodeld;
			sourceTree = "<group>";
			versionGroupType = wrapper.xcdatamodel;
		};
/* End XCVersionGroup section */
	};
	rootObject = CA40797A1C4EBC9A00A20EDE /* Project object */;
}
